
Microsoft Visual Studio Solution File, Format Version 12.00
# Visual Studio Version 16
VisualStudioVersion = 16.0.31424.327
MinimumVisualStudioVersion = 10.0.40219.1
Project("{FAE04EC0-301F-11D3-BF4B-00C04F79EFBC}") = "EXERCICIO", "EXERCICIO.csproj", "{EC8A435D-EEBD-4792-8808-A67776D7904B}"
EndProject
Global
	GlobalSection(SolutionConfigurationPlatforms) = preSolution
		Debug|Any CPU = Debug|Any CPU
		Release|Any CPU = Release|Any CPU
	EndGlobalSection
	GlobalSection(ProjectConfigurationPlatforms) = postSolution
		{EC8A435D-EEBD-4792-8808-A67776D7904B}.Debug|Any CPU.ActiveCfg = Debug|Any CPU
		{EC8A435D-EEBD-4792-8808-A67776D7904B}.Debug|Any CPU.Build.0 = Debug|Any CPU
		{EC8A435D-EEBD-4792-8808-A67776D7904B}.Release|Any CPU.ActiveCfg = Release|Any CPU
		{EC8A435D-EEBD-4792-8808-A67776D7904B}.Release|Any CPU.Build.0 = Release|Any CPU
	EndGlobalSection
	GlobalSection(SolutionProperties) = preSolution
		HideSolutionNode = FALSE
	EndGlobalSection
	GlobalSection(ExtensibilityGlobals) = postSolution
		SolutionGuid = {8BD662A8-A89B-4A4A-9A0E-490DB4AD0DA0}
	EndGlobalSection
EndGlobal
